// !$*UTF8*$!
{
	archiveVersion = 1;
	classes = {
	};
	objectVersion = 55;
	objects = {

/* Begin PBXBuildFile section */
		D72E74652873D1A700CD61A3 /* SkipSelectModal.swift in Sources */ = {isa = PBXBuildFile; fileRef = D72E74642873D1A700CD61A3 /* SkipSelectModal.swift */; };
		D74492A42873D56A0003C5CF /* Constants.swift in Sources */ = {isa = PBXBuildFile; fileRef = D74492A32873D56A0003C5CF /* Constants.swift */; };
		D74835D52868C8B90043846C /* HapticManager.swift in Sources */ = {isa = PBXBuildFile; fileRef = D74835D42868C8B90043846C /* HapticManager.swift */; };
		D74835D92868FD680043846C /* NotificationManager.swift in Sources */ = {isa = PBXBuildFile; fileRef = D74835D82868FD680043846C /* NotificationManager.swift */; };
		D74835DB2869005F0043846C /* AppDelegate.swift in Sources */ = {isa = PBXBuildFile; fileRef = D74835DA2869005F0043846C /* AppDelegate.swift */; };
		D762F4E1284D6DDF008FADA4 /* ScoreView.swift in Sources */ = {isa = PBXBuildFile; fileRef = D762F4E0284D6DDF008FADA4 /* ScoreView.swift */; };
		D7872F36284C17BD004AA89E /* RoundCompleteModal.swift in Sources */ = {isa = PBXBuildFile; fileRef = D7872F35284C17BD004AA89E /* RoundCompleteModal.swift */; };
		D7A62EFB28380BC400B8E466 /* SwiftPhoenixClient in Frameworks */ = {isa = PBXBuildFile; productRef = D7A62EFA28380BC400B8E466 /* SwiftPhoenixClient */; };
		D7A62EFD2838294C00B8E466 /* NetworkManager.swift in Sources */ = {isa = PBXBuildFile; fileRef = D7A62EFC2838294C00B8E466 /* NetworkManager.swift */; };
		D7A62EFF28383B4200B8E466 /* UserManager.swift in Sources */ = {isa = PBXBuildFile; fileRef = D7A62EFE28383B4200B8E466 /* UserManager.swift */; };
		D7A62F042838820700B8E466 /* Configuration.swift in Sources */ = {isa = PBXBuildFile; fileRef = D7A62F032838820700B8E466 /* Configuration.swift */; };
		D7BF72E0283193370051E689 /* Level10App.swift in Sources */ = {isa = PBXBuildFile; fileRef = D7BF72DF283193370051E689 /* Level10App.swift */; };
		D7BF72E4283193370051E689 /* Assets.xcassets in Resources */ = {isa = PBXBuildFile; fileRef = D7BF72E3283193370051E689 /* Assets.xcassets */; };
		D7BF72E7283193370051E689 /* Preview Assets.xcassets in Resources */ = {isa = PBXBuildFile; fileRef = D7BF72E6283193370051E689 /* Preview Assets.xcassets */; };
		D7BF72EE2831936F0051E689 /* HomeView.swift in Sources */ = {isa = PBXBuildFile; fileRef = D7BF72ED2831936F0051E689 /* HomeView.swift */; };
		D7BF72F0283196020051E689 /* Color+Ext.swift in Sources */ = {isa = PBXBuildFile; fileRef = D7BF72EF283196020051E689 /* Color+Ext.swift */; };
		D7BF72F4283198080051E689 /* L10Button.swift in Sources */ = {isa = PBXBuildFile; fileRef = D7BF72F3283198080051E689 /* L10Button.swift */; };
		D7BF72F72831A0420051E689 /* CreateGameView.swift in Sources */ = {isa = PBXBuildFile; fileRef = D7BF72F62831A0420051E689 /* CreateGameView.swift */; };
		D7BF72F92831A89C0051E689 /* L10TextField.swift in Sources */ = {isa = PBXBuildFile; fileRef = D7BF72F82831A89C0051E689 /* L10TextField.swift */; };
		D7BF72FB2831A9B50051E689 /* JoinGameView.swift in Sources */ = {isa = PBXBuildFile; fileRef = D7BF72FA2831A9B50051E689 /* JoinGameView.swift */; };
		D7BF72FD2831B4990051E689 /* LobbyView.swift in Sources */ = {isa = PBXBuildFile; fileRef = D7BF72FC2831B4990051E689 /* LobbyView.swift */; };
		D7BF72FF2831B77D0051E689 /* StatusIndicator.swift in Sources */ = {isa = PBXBuildFile; fileRef = D7BF72FE2831B77D0051E689 /* StatusIndicator.swift */; };
		D7BF73012831B9C20051E689 /* CardView.swift in Sources */ = {isa = PBXBuildFile; fileRef = D7BF73002831B9C20051E689 /* CardView.swift */; };
		D7BF73032831C17F0051E689 /* GameView.swift in Sources */ = {isa = PBXBuildFile; fileRef = D7BF73022831C17F0051E689 /* GameView.swift */; };
		D7C70E66283ABDC800C4A41B /* Game.swift in Sources */ = {isa = PBXBuildFile; fileRef = D7C70E65283ABDC800C4A41B /* Game.swift */; };
		D7C70E68283ABE4400C4A41B /* Notification+Ext.swift in Sources */ = {isa = PBXBuildFile; fileRef = D7C70E67283ABE4400C4A41B /* Notification+Ext.swift */; };
		D7C70E6A283AC21C00C4A41B /* GameViewModel.swift in Sources */ = {isa = PBXBuildFile; fileRef = D7C70E69283AC21C00C4A41B /* GameViewModel.swift */; };
		D7E30FAF2844675E007B190B /* Card.swift in Sources */ = {isa = PBXBuildFile; fileRef = D7E30FAE2844675E007B190B /* Card.swift */; };
/* End PBXBuildFile section */

/* Begin PBXFileReference section */
		D72E74642873D1A700CD61A3 /* SkipSelectModal.swift */ = {isa = PBXFileReference; lastKnownFileType = sourcecode.swift; path = SkipSelectModal.swift; sourceTree = "<group>"; };
		D74492A32873D56A0003C5CF /* Constants.swift */ = {isa = PBXFileReference; lastKnownFileType = sourcecode.swift; path = Constants.swift; sourceTree = "<group>"; };
		D74835D42868C8B90043846C /* HapticManager.swift */ = {isa = PBXFileReference; lastKnownFileType = sourcecode.swift; path = HapticManager.swift; sourceTree = "<group>"; };
		D74835D82868FD680043846C /* NotificationManager.swift */ = {isa = PBXFileReference; lastKnownFileType = sourcecode.swift; path = NotificationManager.swift; sourceTree = "<group>"; };
		D74835DA2869005F0043846C /* AppDelegate.swift */ = {isa = PBXFileReference; lastKnownFileType = sourcecode.swift; path = AppDelegate.swift; sourceTree = "<group>"; };
		D762F4E0284D6DDF008FADA4 /* ScoreView.swift */ = {isa = PBXFileReference; lastKnownFileType = sourcecode.swift; path = ScoreView.swift; sourceTree = "<group>"; };
		D7872F35284C17BD004AA89E /* RoundCompleteModal.swift */ = {isa = PBXFileReference; lastKnownFileType = sourcecode.swift; path = RoundCompleteModal.swift; sourceTree = "<group>"; };
		D7A62EFC2838294C00B8E466 /* NetworkManager.swift */ = {isa = PBXFileReference; lastKnownFileType = sourcecode.swift; path = NetworkManager.swift; sourceTree = "<group>"; };
		D7A62EFE28383B4200B8E466 /* UserManager.swift */ = {isa = PBXFileReference; lastKnownFileType = sourcecode.swift; path = UserManager.swift; sourceTree = "<group>"; };
		D7A62F0028383BB700B8E466 /* Info.plist */ = {isa = PBXFileReference; lastKnownFileType = text.plist; path = Info.plist; sourceTree = "<group>"; };
		D7A62F032838820700B8E466 /* Configuration.swift */ = {isa = PBXFileReference; lastKnownFileType = sourcecode.swift; path = Configuration.swift; sourceTree = "<group>"; };
		D7BF72DC283193370051E689 /* Level10.app */ = {isa = PBXFileReference; explicitFileType = wrapper.application; includeInIndex = 0; path = Level10.app; sourceTree = BUILT_PRODUCTS_DIR; };
		D7BF72DF283193370051E689 /* Level10App.swift */ = {isa = PBXFileReference; lastKnownFileType = sourcecode.swift; path = Level10App.swift; sourceTree = "<group>"; };
		D7BF72E3283193370051E689 /* Assets.xcassets */ = {isa = PBXFileReference; lastKnownFileType = folder.assetcatalog; path = Assets.xcassets; sourceTree = "<group>"; };
		D7BF72E6283193370051E689 /* Preview Assets.xcassets */ = {isa = PBXFileReference; lastKnownFileType = folder.assetcatalog; path = "Preview Assets.xcassets"; sourceTree = "<group>"; };
		D7BF72ED2831936F0051E689 /* HomeView.swift */ = {isa = PBXFileReference; lastKnownFileType = sourcecode.swift; path = HomeView.swift; sourceTree = "<group>"; };
		D7BF72EF283196020051E689 /* Color+Ext.swift */ = {isa = PBXFileReference; lastKnownFileType = sourcecode.swift; path = "Color+Ext.swift"; sourceTree = "<group>"; };
		D7BF72F3283198080051E689 /* L10Button.swift */ = {isa = PBXFileReference; lastKnownFileType = sourcecode.swift; path = L10Button.swift; sourceTree = "<group>"; };
		D7BF72F62831A0420051E689 /* CreateGameView.swift */ = {isa = PBXFileReference; lastKnownFileType = sourcecode.swift; path = CreateGameView.swift; sourceTree = "<group>"; };
		D7BF72F82831A89C0051E689 /* L10TextField.swift */ = {isa = PBXFileReference; lastKnownFileType = sourcecode.swift; path = L10TextField.swift; sourceTree = "<group>"; };
		D7BF72FA2831A9B50051E689 /* JoinGameView.swift */ = {isa = PBXFileReference; lastKnownFileType = sourcecode.swift; path = JoinGameView.swift; sourceTree = "<group>"; };
		D7BF72FC2831B4990051E689 /* LobbyView.swift */ = {isa = PBXFileReference; lastKnownFileType = sourcecode.swift; path = LobbyView.swift; sourceTree = "<group>"; };
		D7BF72FE2831B77D0051E689 /* StatusIndicator.swift */ = {isa = PBXFileReference; lastKnownFileType = sourcecode.swift; path = StatusIndicator.swift; sourceTree = "<group>"; };
		D7BF73002831B9C20051E689 /* CardView.swift */ = {isa = PBXFileReference; lastKnownFileType = sourcecode.swift; path = CardView.swift; sourceTree = "<group>"; };
		D7BF73022831C17F0051E689 /* GameView.swift */ = {isa = PBXFileReference; lastKnownFileType = sourcecode.swift; path = GameView.swift; sourceTree = "<group>"; };
		D7C70E65283ABDC800C4A41B /* Game.swift */ = {isa = PBXFileReference; lastKnownFileType = sourcecode.swift; path = Game.swift; sourceTree = "<group>"; };
		D7C70E67283ABE4400C4A41B /* Notification+Ext.swift */ = {isa = PBXFileReference; lastKnownFileType = sourcecode.swift; path = "Notification+Ext.swift"; sourceTree = "<group>"; };
		D7C70E69283AC21C00C4A41B /* GameViewModel.swift */ = {isa = PBXFileReference; lastKnownFileType = sourcecode.swift; path = GameViewModel.swift; sourceTree = "<group>"; };
		D7E30FAE2844675E007B190B /* Card.swift */ = {isa = PBXFileReference; lastKnownFileType = sourcecode.swift; path = Card.swift; sourceTree = "<group>"; };
/* End PBXFileReference section */

/* Begin PBXFrameworksBuildPhase section */
		D7BF72D9283193370051E689 /* Frameworks */ = {
			isa = PBXFrameworksBuildPhase;
			buildActionMask = 2147483647;
			files = (
				D7A62EFB28380BC400B8E466 /* SwiftPhoenixClient in Frameworks */,
			);
			runOnlyForDeploymentPostprocessing = 0;
		};
/* End PBXFrameworksBuildPhase section */

/* Begin PBXGroup section */
		D72E745D2873C8C600CD61A3 /* Model */ = {
			isa = PBXGroup;
			children = (
				D7E30FAE2844675E007B190B /* Card.swift */,
				D7C70E65283ABDC800C4A41B /* Game.swift */,
			);
			path = Model;
			sourceTree = "<group>";
		};
		D72E745E2873C8CB00CD61A3 /* Utilities */ = {
			isa = PBXGroup;
			children = (
				D72E74612873C9A700CD61A3 /* Extensions */,
				D72E74602873C9A200CD61A3 /* Managers */,
				D7A62F032838820700B8E466 /* Configuration.swift */,
				D74492A32873D56A0003C5CF /* Constants.swift */,
			);
			path = Utilities;
			sourceTree = "<group>";
		};
		D72E745F2873C8D100CD61A3 /* Views */ = {
			isa = PBXGroup;
			children = (
				D72E74622873C9D400CD61A3 /* Custom Views */,
				D72E74632873C9DB00CD61A3 /* Screens */,
			);
			path = Views;
			sourceTree = "<group>";
		};
		D72E74602873C9A200CD61A3 /* Managers */ = {
			isa = PBXGroup;
			children = (
				D74835D42868C8B90043846C /* HapticManager.swift */,
				D7A62EFC2838294C00B8E466 /* NetworkManager.swift */,
				D74835D82868FD680043846C /* NotificationManager.swift */,
				D7A62EFE28383B4200B8E466 /* UserManager.swift */,
			);
			path = Managers;
			sourceTree = "<group>";
		};
		D72E74612873C9A700CD61A3 /* Extensions */ = {
			isa = PBXGroup;
			children = (
				D7BF72EF283196020051E689 /* Color+Ext.swift */,
				D7C70E67283ABE4400C4A41B /* Notification+Ext.swift */,
			);
			path = Extensions;
			sourceTree = "<group>";
		};
		D72E74622873C9D400CD61A3 /* Custom Views */ = {
			isa = PBXGroup;
			children = (
				D7BF73002831B9C20051E689 /* CardView.swift */,
				D7BF72F3283198080051E689 /* L10Button.swift */,
				D7BF72F82831A89C0051E689 /* L10TextField.swift */,
				D7872F35284C17BD004AA89E /* RoundCompleteModal.swift */,
				D72E74642873D1A700CD61A3 /* SkipSelectModal.swift */,
				D7BF72FE2831B77D0051E689 /* StatusIndicator.swift */,
			);
			path = "Custom Views";
			sourceTree = "<group>";
		};
		D72E74632873C9DB00CD61A3 /* Screens */ = {
			isa = PBXGroup;
			children = (
				D7BF72F62831A0420051E689 /* CreateGameView.swift */,
				D7BF73022831C17F0051E689 /* GameView.swift */,
				D7BF72ED2831936F0051E689 /* HomeView.swift */,
				D7BF72FA2831A9B50051E689 /* JoinGameView.swift */,
				D7BF72FC2831B4990051E689 /* LobbyView.swift */,
				D762F4E0284D6DDF008FADA4 /* ScoreView.swift */,
			);
			path = Screens;
			sourceTree = "<group>";
		};
		D7BF72D3283193370051E689 = {
			isa = PBXGroup;
			children = (
				D7BF72DE283193370051E689 /* Level10 */,
				D7BF72DD283193370051E689 /* Products */,
			);
			sourceTree = "<group>";
		};
		D7BF72DD283193370051E689 /* Products */ = {
			isa = PBXGroup;
			children = (
				D7BF72DC283193370051E689 /* Level10.app */,
			);
			name = Products;
			sourceTree = "<group>";
		};
		D7BF72DE283193370051E689 /* Level10 */ = {
			isa = PBXGroup;
			children = (
				D72E745D2873C8C600CD61A3 /* Model */,
				D72E745E2873C8CB00CD61A3 /* Utilities */,
				D72E745F2873C8D100CD61A3 /* Views */,
				D74835DA2869005F0043846C /* AppDelegate.swift */,
				D7BF72DF283193370051E689 /* Level10App.swift */,
				D7C70E69283AC21C00C4A41B /* GameViewModel.swift */,
				D7BF72E3283193370051E689 /* Assets.xcassets */,
				D7A62F0028383BB700B8E466 /* Info.plist */,
				D7BF72E5283193370051E689 /* Preview Content */,
			);
			path = Level10;
			sourceTree = "<group>";
		};
		D7BF72E5283193370051E689 /* Preview Content */ = {
			isa = PBXGroup;
			children = (
				D7BF72E6283193370051E689 /* Preview Assets.xcassets */,
			);
			path = "Preview Content";
			sourceTree = "<group>";
		};
/* End PBXGroup section */

/* Begin PBXNativeTarget section */
		D7BF72DB283193370051E689 /* Level10 */ = {
			isa = PBXNativeTarget;
			buildConfigurationList = D7BF72EA283193370051E689 /* Build configuration list for PBXNativeTarget "Level10" */;
			buildPhases = (
				D7BF72D8283193370051E689 /* Sources */,
				D7BF72D9283193370051E689 /* Frameworks */,
				D7BF72DA283193370051E689 /* Resources */,
			);
			buildRules = (
			);
			dependencies = (
			);
			name = Level10;
			packageProductDependencies = (
				D7A62EFA28380BC400B8E466 /* SwiftPhoenixClient */,
			);
			productName = Level10;
			productReference = D7BF72DC283193370051E689 /* Level10.app */;
			productType = "com.apple.product-type.application";
		};
/* End PBXNativeTarget section */

/* Begin PBXProject section */
		D7BF72D4283193370051E689 /* Project object */ = {
			isa = PBXProject;
			attributes = {
				BuildIndependentTargetsInParallel = 1;
				LastSwiftUpdateCheck = 1330;
				LastUpgradeCheck = 1330;
				TargetAttributes = {
					D7BF72DB283193370051E689 = {
						CreatedOnToolsVersion = 13.3;
					};
				};
			};
			buildConfigurationList = D7BF72D7283193370051E689 /* Build configuration list for PBXProject "Level10" */;
			compatibilityVersion = "Xcode 13.0";
			developmentRegion = en;
			hasScannedForEncodings = 0;
			knownRegions = (
				en,
				Base,
			);
			mainGroup = D7BF72D3283193370051E689;
			packageReferences = (
				D7A62EF928380BC400B8E466 /* XCRemoteSwiftPackageReference "SwiftPhoenixClient" */,
			);
			productRefGroup = D7BF72DD283193370051E689 /* Products */;
			projectDirPath = "";
			projectRoot = "";
			targets = (
				D7BF72DB283193370051E689 /* Level10 */,
			);
		};
/* End PBXProject section */

/* Begin PBXResourcesBuildPhase section */
		D7BF72DA283193370051E689 /* Resources */ = {
			isa = PBXResourcesBuildPhase;
			buildActionMask = 2147483647;
			files = (
				D7BF72E7283193370051E689 /* Preview Assets.xcassets in Resources */,
				D7BF72E4283193370051E689 /* Assets.xcassets in Resources */,
			);
			runOnlyForDeploymentPostprocessing = 0;
		};
/* End PBXResourcesBuildPhase section */

/* Begin PBXSourcesBuildPhase section */
		D7BF72D8283193370051E689 /* Sources */ = {
			isa = PBXSourcesBuildPhase;
			buildActionMask = 2147483647;
			files = (
				D74492A42873D56A0003C5CF /* Constants.swift in Sources */,
				D7A62EFD2838294C00B8E466 /* NetworkManager.swift in Sources */,
				D7E30FAF2844675E007B190B /* Card.swift in Sources */,
				D7C70E66283ABDC800C4A41B /* Game.swift in Sources */,
				D7BF72F72831A0420051E689 /* CreateGameView.swift in Sources */,
				D72E74652873D1A700CD61A3 /* SkipSelectModal.swift in Sources */,
				D74835D92868FD680043846C /* NotificationManager.swift in Sources */,
				D7A62F042838820700B8E466 /* Configuration.swift in Sources */,
				D7C70E68283ABE4400C4A41B /* Notification+Ext.swift in Sources */,
				D7BF72EE2831936F0051E689 /* HomeView.swift in Sources */,
				D7C70E6A283AC21C00C4A41B /* GameViewModel.swift in Sources */,
				D7872F36284C17BD004AA89E /* RoundCompleteModal.swift in Sources */,
				D762F4E1284D6DDF008FADA4 /* ScoreView.swift in Sources */,
				D7A62EFF28383B4200B8E466 /* UserManager.swift in Sources */,
				D7BF72FD2831B4990051E689 /* LobbyView.swift in Sources */,
				D7BF72FB2831A9B50051E689 /* JoinGameView.swift in Sources */,
				D7BF72F92831A89C0051E689 /* L10TextField.swift in Sources */,
				D7BF72FF2831B77D0051E689 /* StatusIndicator.swift in Sources */,
				D7BF72F4283198080051E689 /* L10Button.swift in Sources */,
				D74835D52868C8B90043846C /* HapticManager.swift in Sources */,
				D7BF72F0283196020051E689 /* Color+Ext.swift in Sources */,
				D7BF73012831B9C20051E689 /* CardView.swift in Sources */,
				D7BF73032831C17F0051E689 /* GameView.swift in Sources */,
				D7BF72E0283193370051E689 /* Level10App.swift in Sources */,
				D74835DB2869005F0043846C /* AppDelegate.swift in Sources */,
			);
			runOnlyForDeploymentPostprocessing = 0;
		};
/* End PBXSourcesBuildPhase section */

/* Begin XCBuildConfiguration section */
		D7A62F0128387F6200B8E466 /* Debug (Production) */ = {
			isa = XCBuildConfiguration;
			buildSettings = {
				ALWAYS_SEARCH_USER_PATHS = NO;
				CLANG_ANALYZER_NONNULL = YES;
				CLANG_ANALYZER_NUMBER_OBJECT_CONVERSION = YES_AGGRESSIVE;
				CLANG_CXX_LANGUAGE_STANDARD = "gnu++17";
				CLANG_ENABLE_MODULES = YES;
				CLANG_ENABLE_OBJC_ARC = YES;
				CLANG_ENABLE_OBJC_WEAK = YES;
				CLANG_WARN_BLOCK_CAPTURE_AUTORELEASING = YES;
				CLANG_WARN_BOOL_CONVERSION = YES;
				CLANG_WARN_COMMA = YES;
				CLANG_WARN_CONSTANT_CONVERSION = YES;
				CLANG_WARN_DEPRECATED_OBJC_IMPLEMENTATIONS = YES;
				CLANG_WARN_DIRECT_OBJC_ISA_USAGE = YES_ERROR;
				CLANG_WARN_DOCUMENTATION_COMMENTS = YES;
				CLANG_WARN_EMPTY_BODY = YES;
				CLANG_WARN_ENUM_CONVERSION = YES;
				CLANG_WARN_INFINITE_RECURSION = YES;
				CLANG_WARN_INT_CONVERSION = YES;
				CLANG_WARN_NON_LITERAL_NULL_CONVERSION = YES;
				CLANG_WARN_OBJC_IMPLICIT_RETAIN_SELF = YES;
				CLANG_WARN_OBJC_LITERAL_CONVERSION = YES;
				CLANG_WARN_OBJC_ROOT_CLASS = YES_ERROR;
				CLANG_WARN_QUOTED_INCLUDE_IN_FRAMEWORK_HEADER = YES;
				CLANG_WARN_RANGE_LOOP_ANALYSIS = YES;
				CLANG_WARN_STRICT_PROTOTYPES = YES;
				CLANG_WARN_SUSPICIOUS_MOVE = YES;
				CLANG_WARN_UNGUARDED_AVAILABILITY = YES_AGGRESSIVE;
				CLANG_WARN_UNREACHABLE_CODE = YES;
				CLANG_WARN__DUPLICATE_METHOD_MATCH = YES;
				COPY_PHASE_STRIP = NO;
				DEBUG_INFORMATION_FORMAT = dwarf;
				ENABLE_STRICT_OBJC_MSGSEND = YES;
				ENABLE_TESTABILITY = YES;
				GCC_C_LANGUAGE_STANDARD = gnu11;
				GCC_DYNAMIC_NO_PIC = NO;
				GCC_NO_COMMON_BLOCKS = YES;
				GCC_OPTIMIZATION_LEVEL = 0;
				GCC_PREPROCESSOR_DEFINITIONS = (
					"DEBUG=1",
					"$(inherited)",
				);
				GCC_WARN_64_TO_32_BIT_CONVERSION = YES;
				GCC_WARN_ABOUT_RETURN_TYPE = YES_ERROR;
				GCC_WARN_UNDECLARED_SELECTOR = YES;
				GCC_WARN_UNINITIALIZED_AUTOS = YES_AGGRESSIVE;
				GCC_WARN_UNUSED_FUNCTION = YES;
				GCC_WARN_UNUSED_VARIABLE = YES;
				IPHONEOS_DEPLOYMENT_TARGET = 15.4;
				MTL_ENABLE_DEBUG_INFO = INCLUDE_SOURCE;
				MTL_FAST_MATH = YES;
				ONLY_ACTIVE_ARCH = YES;
				SDKROOT = iphoneos;
				SWIFT_ACTIVE_COMPILATION_CONDITIONS = DEBUG;
				SWIFT_OPTIMIZATION_LEVEL = "-Onone";
			};
			name = "Debug (Production)";
		};
		D7A62F0228387F6200B8E466 /* Debug (Production) */ = {
			isa = XCBuildConfiguration;
			buildSettings = {
				ASSETCATALOG_COMPILER_APPICON_NAME = AppIcon;
				ASSETCATALOG_COMPILER_GLOBAL_ACCENT_COLOR_NAME = AccentColor;
				CODE_SIGN_ENTITLEMENTS = Level10/Level10.entitlements;
				CODE_SIGN_STYLE = Automatic;
				CURRENT_PROJECT_VERSION = 3;
				DEVELOPMENT_ASSET_PATHS = "\"Level10/Preview Content\"";
				DEVELOPMENT_TEAM = QQWWMCLZJZ;
				ENABLE_PREVIEWS = YES;
				GENERATE_INFOPLIST_FILE = YES;
				INFOPLIST_FILE = Level10/Info.plist;
				INFOPLIST_KEY_CFBundleDisplayName = "Level 10";
				INFOPLIST_KEY_UIApplicationSceneManifest_Generation = YES;
				INFOPLIST_KEY_UIApplicationSupportsIndirectInputEvents = YES;
				INFOPLIST_KEY_UILaunchScreen_Generation = YES;
				INFOPLIST_KEY_UISupportedInterfaceOrientations = UIInterfaceOrientationPortrait;
				INFOPLIST_KEY_UISupportedInterfaceOrientations_iPad = "UIInterfaceOrientationPortrait UIInterfaceOrientationPortraitUpsideDown UIInterfaceOrientationLandscapeLeft UIInterfaceOrientationLandscapeRight";
				INFOPLIST_KEY_UISupportedInterfaceOrientations_iPhone = "UIInterfaceOrientationPortrait UIInterfaceOrientationLandscapeLeft UIInterfaceOrientationLandscapeRight";
				IPHONEOS_DEPLOYMENT_TARGET = 15.4;
				LD_RUNPATH_SEARCH_PATHS = (
					"$(inherited)",
					"@executable_path/Frameworks",
				);
				MARKETING_VERSION = 1.0;
				PRODUCT_BUNDLE_IDENTIFIER = games.level10.Level10;
				PRODUCT_NAME = "$(TARGET_NAME)";
				SWIFT_EMIT_LOC_STRINGS = YES;
				SWIFT_VERSION = 5.0;
				TARGETED_DEVICE_FAMILY = 1;
			};
			name = "Debug (Production)";
		};
		D7BF72E8283193370051E689 /* Debug (Development) */ = {
			isa = XCBuildConfiguration;
			buildSettings = {
				ALWAYS_SEARCH_USER_PATHS = NO;
				CLANG_ANALYZER_NONNULL = YES;
				CLANG_ANALYZER_NUMBER_OBJECT_CONVERSION = YES_AGGRESSIVE;
				CLANG_CXX_LANGUAGE_STANDARD = "gnu++17";
				CLANG_ENABLE_MODULES = YES;
				CLANG_ENABLE_OBJC_ARC = YES;
				CLANG_ENABLE_OBJC_WEAK = YES;
				CLANG_WARN_BLOCK_CAPTURE_AUTORELEASING = YES;
				CLANG_WARN_BOOL_CONVERSION = YES;
				CLANG_WARN_COMMA = YES;
				CLANG_WARN_CONSTANT_CONVERSION = YES;
				CLANG_WARN_DEPRECATED_OBJC_IMPLEMENTATIONS = YES;
				CLANG_WARN_DIRECT_OBJC_ISA_USAGE = YES_ERROR;
				CLANG_WARN_DOCUMENTATION_COMMENTS = YES;
				CLANG_WARN_EMPTY_BODY = YES;
				CLANG_WARN_ENUM_CONVERSION = YES;
				CLANG_WARN_INFINITE_RECURSION = YES;
				CLANG_WARN_INT_CONVERSION = YES;
				CLANG_WARN_NON_LITERAL_NULL_CONVERSION = YES;
				CLANG_WARN_OBJC_IMPLICIT_RETAIN_SELF = YES;
				CLANG_WARN_OBJC_LITERAL_CONVERSION = YES;
				CLANG_WARN_OBJC_ROOT_CLASS = YES_ERROR;
				CLANG_WARN_QUOTED_INCLUDE_IN_FRAMEWORK_HEADER = YES;
				CLANG_WARN_RANGE_LOOP_ANALYSIS = YES;
				CLANG_WARN_STRICT_PROTOTYPES = YES;
				CLANG_WARN_SUSPICIOUS_MOVE = YES;
				CLANG_WARN_UNGUARDED_AVAILABILITY = YES_AGGRESSIVE;
				CLANG_WARN_UNREACHABLE_CODE = YES;
				CLANG_WARN__DUPLICATE_METHOD_MATCH = YES;
				COPY_PHASE_STRIP = NO;
				DEBUG_INFORMATION_FORMAT = dwarf;
				ENABLE_STRICT_OBJC_MSGSEND = YES;
				ENABLE_TESTABILITY = YES;
				GCC_C_LANGUAGE_STANDARD = gnu11;
				GCC_DYNAMIC_NO_PIC = NO;
				GCC_NO_COMMON_BLOCKS = YES;
				GCC_OPTIMIZATION_LEVEL = 0;
				GCC_PREPROCESSOR_DEFINITIONS = (
					"DEBUG=1",
					"$(inherited)",
				);
				GCC_WARN_64_TO_32_BIT_CONVERSION = YES;
				GCC_WARN_ABOUT_RETURN_TYPE = YES_ERROR;
				GCC_WARN_UNDECLARED_SELECTOR = YES;
				GCC_WARN_UNINITIALIZED_AUTOS = YES_AGGRESSIVE;
				GCC_WARN_UNUSED_FUNCTION = YES;
				GCC_WARN_UNUSED_VARIABLE = YES;
				IPHONEOS_DEPLOYMENT_TARGET = 15.4;
				MTL_ENABLE_DEBUG_INFO = INCLUDE_SOURCE;
				MTL_FAST_MATH = YES;
				ONLY_ACTIVE_ARCH = YES;
				SDKROOT = iphoneos;
				SWIFT_ACTIVE_COMPILATION_CONDITIONS = DEBUG;
				SWIFT_OPTIMIZATION_LEVEL = "-Onone";
			};
			name = "Debug (Development)";
		};
		D7BF72E9283193370051E689 /* Release */ = {
			isa = XCBuildConfiguration;
			buildSettings = {
				ALWAYS_SEARCH_USER_PATHS = NO;
				CLANG_ANALYZER_NONNULL = YES;
				CLANG_ANALYZER_NUMBER_OBJECT_CONVERSION = YES_AGGRESSIVE;
				CLANG_CXX_LANGUAGE_STANDARD = "gnu++17";
				CLANG_ENABLE_MODULES = YES;
				CLANG_ENABLE_OBJC_ARC = YES;
				CLANG_ENABLE_OBJC_WEAK = YES;
				CLANG_WARN_BLOCK_CAPTURE_AUTORELEASING = YES;
				CLANG_WARN_BOOL_CONVERSION = YES;
				CLANG_WARN_COMMA = YES;
				CLANG_WARN_CONSTANT_CONVERSION = YES;
				CLANG_WARN_DEPRECATED_OBJC_IMPLEMENTATIONS = YES;
				CLANG_WARN_DIRECT_OBJC_ISA_USAGE = YES_ERROR;
				CLANG_WARN_DOCUMENTATION_COMMENTS = YES;
				CLANG_WARN_EMPTY_BODY = YES;
				CLANG_WARN_ENUM_CONVERSION = YES;
				CLANG_WARN_INFINITE_RECURSION = YES;
				CLANG_WARN_INT_CONVERSION = YES;
				CLANG_WARN_NON_LITERAL_NULL_CONVERSION = YES;
				CLANG_WARN_OBJC_IMPLICIT_RETAIN_SELF = YES;
				CLANG_WARN_OBJC_LITERAL_CONVERSION = YES;
				CLANG_WARN_OBJC_ROOT_CLASS = YES_ERROR;
				CLANG_WARN_QUOTED_INCLUDE_IN_FRAMEWORK_HEADER = YES;
				CLANG_WARN_RANGE_LOOP_ANALYSIS = YES;
				CLANG_WARN_STRICT_PROTOTYPES = YES;
				CLANG_WARN_SUSPICIOUS_MOVE = YES;
				CLANG_WARN_UNGUARDED_AVAILABILITY = YES_AGGRESSIVE;
				CLANG_WARN_UNREACHABLE_CODE = YES;
				CLANG_WARN__DUPLICATE_METHOD_MATCH = YES;
				COPY_PHASE_STRIP = NO;
				DEBUG_INFORMATION_FORMAT = "dwarf-with-dsym";
				ENABLE_NS_ASSERTIONS = NO;
				ENABLE_STRICT_OBJC_MSGSEND = YES;
				GCC_C_LANGUAGE_STANDARD = gnu11;
				GCC_NO_COMMON_BLOCKS = YES;
				GCC_WARN_64_TO_32_BIT_CONVERSION = YES;
				GCC_WARN_ABOUT_RETURN_TYPE = YES_ERROR;
				GCC_WARN_UNDECLARED_SELECTOR = YES;
				GCC_WARN_UNINITIALIZED_AUTOS = YES_AGGRESSIVE;
				GCC_WARN_UNUSED_FUNCTION = YES;
				GCC_WARN_UNUSED_VARIABLE = YES;
				IPHONEOS_DEPLOYMENT_TARGET = 15.4;
				MTL_ENABLE_DEBUG_INFO = NO;
				MTL_FAST_MATH = YES;
				SDKROOT = iphoneos;
				SWIFT_COMPILATION_MODE = wholemodule;
				SWIFT_OPTIMIZATION_LEVEL = "-O";
				VALIDATE_PRODUCT = YES;
			};
			name = Release;
		};
		D7BF72EB283193370051E689 /* Debug (Development) */ = {
			isa = XCBuildConfiguration;
			buildSettings = {
				ASSETCATALOG_COMPILER_APPICON_NAME = AppIcon;
				ASSETCATALOG_COMPILER_GLOBAL_ACCENT_COLOR_NAME = AccentColor;
				CODE_SIGN_ENTITLEMENTS = Level10/Level10.entitlements;
				CODE_SIGN_STYLE = Automatic;
				CURRENT_PROJECT_VERSION = 3;
				DEVELOPMENT_ASSET_PATHS = "\"Level10/Preview Content\"";
				DEVELOPMENT_TEAM = QQWWMCLZJZ;
				ENABLE_PREVIEWS = YES;
				GENERATE_INFOPLIST_FILE = YES;
				INFOPLIST_FILE = Level10/Info.plist;
				INFOPLIST_KEY_CFBundleDisplayName = "Level 10";
				INFOPLIST_KEY_UIApplicationSceneManifest_Generation = YES;
				INFOPLIST_KEY_UIApplicationSupportsIndirectInputEvents = YES;
				INFOPLIST_KEY_UILaunchScreen_Generation = YES;
				INFOPLIST_KEY_UISupportedInterfaceOrientations = UIInterfaceOrientationPortrait;
				INFOPLIST_KEY_UISupportedInterfaceOrientations_iPad = "UIInterfaceOrientationPortrait UIInterfaceOrientationPortraitUpsideDown UIInterfaceOrientationLandscapeLeft UIInterfaceOrientationLandscapeRight";
				INFOPLIST_KEY_UISupportedInterfaceOrientations_iPhone = "UIInterfaceOrientationPortrait UIInterfaceOrientationLandscapeLeft UIInterfaceOrientationLandscapeRight";
				IPHONEOS_DEPLOYMENT_TARGET = 15.4;
				LD_RUNPATH_SEARCH_PATHS = (
					"$(inherited)",
					"@executable_path/Frameworks",
				);
				MARKETING_VERSION = 1.0;
				PRODUCT_BUNDLE_IDENTIFIER = games.level10.Level10;
				PRODUCT_NAME = "$(TARGET_NAME)";
				SWIFT_EMIT_LOC_STRINGS = YES;
				SWIFT_VERSION = 5.0;
				TARGETED_DEVICE_FAMILY = 1;
			};
			name = "Debug (Development)";
		};
		D7BF72EC283193370051E689 /* Release */ = {
			isa = XCBuildConfiguration;
			buildSettings = {
				ASSETCATALOG_COMPILER_APPICON_NAME = AppIcon;
				ASSETCATALOG_COMPILER_GLOBAL_ACCENT_COLOR_NAME = AccentColor;
				CODE_SIGN_ENTITLEMENTS = Level10/Level10.entitlements;
				CODE_SIGN_STYLE = Automatic;
				CURRENT_PROJECT_VERSION = 3;
				DEVELOPMENT_ASSET_PATHS = "\"Level10/Preview Content\"";
				DEVELOPMENT_TEAM = QQWWMCLZJZ;
				ENABLE_PREVIEWS = YES;
				GENERATE_INFOPLIST_FILE = YES;
				INFOPLIST_FILE = Level10/Info.plist;
				INFOPLIST_KEY_CFBundleDisplayName = "Level 10";
				INFOPLIST_KEY_UIApplicationSceneManifest_Generation = YES;
				INFOPLIST_KEY_UIApplicationSupportsIndirectInputEvents = YES;
				INFOPLIST_KEY_UILaunchScreen_Generation = YES;
				INFOPLIST_KEY_UISupportedInterfaceOrientations = UIInterfaceOrientationPortrait;
				INFOPLIST_KEY_UISupportedInterfaceOrientations_iPad = "UIInterfaceOrientationPortrait UIInterfaceOrientationPortraitUpsideDown UIInterfaceOrientationLandscapeLeft UIInterfaceOrientationLandscapeRight";
				INFOPLIST_KEY_UISupportedInterfaceOrientations_iPhone = "UIInterfaceOrientationPortrait UIInterfaceOrientationLandscapeLeft UIInterfaceOrientationLandscapeRight";
				IPHONEOS_DEPLOYMENT_TARGET = 15.4;
				LD_RUNPATH_SEARCH_PATHS = (
					"$(inherited)",
					"@executable_path/Frameworks",
				);
				MARKETING_VERSION = 1.0;
				PRODUCT_BUNDLE_IDENTIFIER = games.level10.Level10;
				PRODUCT_NAME = "$(TARGET_NAME)";
				SWIFT_EMIT_LOC_STRINGS = YES;
				SWIFT_VERSION = 5.0;
				TARGETED_DEVICE_FAMILY = 1;
			};
			name = Release;
		};
/* End XCBuildConfiguration section */

/* Begin XCConfigurationList section */
		D7BF72D7283193370051E689 /* Build configuration list for PBXProject "Level10" */ = {
			isa = XCConfigurationList;
			buildConfigurations = (
				D7BF72E8283193370051E689 /* Debug (Development) */,
				D7A62F0128387F6200B8E466 /* Debug (Production) */,
				D7BF72E9283193370051E689 /* Release */,
			);
			defaultConfigurationIsVisible = 0;
			defaultConfigurationName = Release;
		};
		D7BF72EA283193370051E689 /* Build configuration list for PBXNativeTarget "Level10" */ = {
			isa = XCConfigurationList;
			buildConfigurations = (
				D7BF72EB283193370051E689 /* Debug (Development) */,
				D7A62F0228387F6200B8E466 /* Debug (Production) */,
				D7BF72EC283193370051E689 /* Release */,
			);
			defaultConfigurationIsVisible = 0;
			defaultConfigurationName = Release;
		};
/* End XCConfigurationList section */

/* Begin XCRemoteSwiftPackageReference section */
		D7A62EF928380BC400B8E466 /* XCRemoteSwiftPackageReference "SwiftPhoenixClient" */ = {
			isa = XCRemoteSwiftPackageReference;
			repositoryURL = "https://github.com/davidstump/SwiftPhoenixClient";
			requirement = {
				kind = upToNextMajorVersion;
				minimumVersion = 5.0.0;
			};
		};
/* End XCRemoteSwiftPackageReference section */

/* Begin XCSwiftPackageProductDependency section */
		D7A62EFA28380BC400B8E466 /* SwiftPhoenixClient */ = {
			isa = XCSwiftPackageProductDependency;
			package = D7A62EF928380BC400B8E466 /* XCRemoteSwiftPackageReference "SwiftPhoenixClient" */;
			productName = SwiftPhoenixClient;
		};
/* End XCSwiftPackageProductDependency section */
	};
	rootObject = D7BF72D4283193370051E689 /* Project object */;
}
